
Microsoft Visual Studio Solution File, Format Version 12.00
# Visual Studio Version 17
VisualStudioVersion = 17.9.34728.123
MinimumVisualStudioVersion = 10.0.40219.1
Project("{FAE04EC0-301F-11D3-BF4B-00C04F79EFBC}") = "RazorComponents.Components", "RazorComponents.Components\RazorComponents.Components.csproj", "{13FE6C1E-082A-44B4-8F7D-DA2F0EA7BA24}"
EndProject
Project("{FAE04EC0-301F-11D3-BF4B-00C04F79EFBC}") = "RazorComponents.Web", "RazorComponents.Web\RazorComponents.Web.csproj", "{12E58B8D-4D55-4D9E-B565-0BB4A9E28320}"
EndProject
Global
	GlobalSection(SolutionConfigurationPlatforms) = preSolution
		Debug|Any CPU = Debug|Any CPU
		Release|Any CPU = Release|Any CPU
	EndGlobalSection
	GlobalSection(ProjectConfigurationPlatforms) = postSolution
		{13FE6C1E-082A-44B4-8F7D-DA2F0EA7BA24}.Debug|Any CPU.ActiveCfg = Debug|Any CPU
		{13FE6C1E-082A-44B4-8F7D-DA2F0EA7BA24}.Debug|Any CPU.Build.0 = Debug|Any CPU
		{13FE6C1E-082A-44B4-8F7D-DA2F0EA7BA24}.Release|Any CPU.ActiveCfg = Release|Any CPU
		{13FE6C1E-082A-44B4-8F7D-DA2F0EA7BA24}.Release|Any CPU.Build.0 = Release|Any CPU
		{12E58B8D-4D55-4D9E-B565-0BB4A9E28320}.Debug|Any CPU.ActiveCfg = Debug|Any CPU
		{12E58B8D-4D55-4D9E-B565-0BB4A9E28320}.Debug|Any CPU.Build.0 = Debug|Any CPU
		{12E58B8D-4D55-4D9E-B565-0BB4A9E28320}.Release|Any CPU.ActiveCfg = Release|Any CPU
		{12E58B8D-4D55-4D9E-B565-0BB4A9E28320}.Release|Any CPU.Build.0 = Release|Any CPU
	EndGlobalSection
	GlobalSection(SolutionProperties) = preSolution
		HideSolutionNode = FALSE
	EndGlobalSection
	GlobalSection(ExtensibilityGlobals) = postSolution
		SolutionGuid = {69C004C4-D4F3-4A32-8F5C-53C1C7F14A86}
	EndGlobalSection
EndGlobal
